
Microsoft Visual Studio Solution File, Format Version 12.00
# Visual Studio Version 17
VisualStudioVersion = 17.0.31903.59
MinimumVisualStudioVersion = 10.0.40219.1
Project("{FAE04EC0-301F-11D3-BF4B-00C04F79EFBC}") = "NetP", "MainP\NetP.csproj", "{40C883EC-3256-4FC3-A00D-85DF5DD032FF}"
EndProject
Project("{FAE04EC0-301F-11D3-BF4B-00C04F79EFBC}") = "Cbase", "Base\Cbase.csproj", "{538FF319-D569-4290-A5AF-9FA48404C4B9}"
EndProject
Global
	GlobalSection(SolutionConfigurationPlatforms) = preSolution
		Debug|Any CPU = Debug|Any CPU
		Release|Any CPU = Release|Any CPU
	EndGlobalSection
	GlobalSection(SolutionProperties) = preSolution
		HideSolutionNode = FALSE
	EndGlobalSection
	GlobalSection(ProjectConfigurationPlatforms) = postSolution
		{40C883EC-3256-4FC3-A00D-85DF5DD032FF}.Debug|Any CPU.ActiveCfg = Debug|Any CPU
		{40C883EC-3256-4FC3-A00D-85DF5DD032FF}.Debug|Any CPU.Build.0 = Debug|Any CPU
		{40C883EC-3256-4FC3-A00D-85DF5DD032FF}.Release|Any CPU.ActiveCfg = Release|Any CPU
		{40C883EC-3256-4FC3-A00D-85DF5DD032FF}.Release|Any CPU.Build.0 = Release|Any CPU
		{538FF319-D569-4290-A5AF-9FA48404C4B9}.Debug|Any CPU.ActiveCfg = Debug|Any CPU
		{538FF319-D569-4290-A5AF-9FA48404C4B9}.Debug|Any CPU.Build.0 = Debug|Any CPU
		{538FF319-D569-4290-A5AF-9FA48404C4B9}.Release|Any CPU.ActiveCfg = Release|Any CPU
		{538FF319-D569-4290-A5AF-9FA48404C4B9}.Release|Any CPU.Build.0 = Release|Any CPU
	EndGlobalSection
EndGlobal
